
Microsoft Visual Studio Solution File, Format Version 12.00
# Visual Studio 15
VisualStudioVersion = 15.0.26730.15
MinimumVisualStudioVersion = 10.0.40219.1
Project("{FAE04EC0-301F-11D3-BF4B-00C04F79EFBC}") = "TypeSpec", "TypeSpec\TypeSpec.csproj", "{C77505C3-90E6-4A14-BBAF-4AD0239ADBC0}"
EndProject
Project("{2150E333-8FDC-42A3-9474-1A3956D46DE8}") = "SolutionItems", "SolutionItems", "{74ECAB52-F67A-4B24-8075-E52200CA194C}"
	ProjectSection(SolutionItems) = preProject
		.gitignore = .gitignore
		.npmignore = .npmignore
		LICENSE = LICENSE
		README.md = README.md
	EndProjectSection
EndProject
Project("{FAE04EC0-301F-11D3-BF4B-00C04F79EFBC}") = "TypeSpec.Examples", "TypeSpec.Examples\TypeSpec.Examples.csproj", "{CCCDDD3D-B762-452E-8791-E3A9E3C97E36}"
EndProject
Project("{9092AA53-FB77-4645-B42D-1CCCA6BD08BD}") = "TypeSpec.NodeExamples", "TypeSpec.NodeExamples\TypeSpec.NodeExamples.njsproj", "{B35E5F54-FA19-4D13-B96F-C696873EB183}"
EndProject
Global
	GlobalSection(SolutionConfigurationPlatforms) = preSolution
		Debug|Any CPU = Debug|Any CPU
		Release|Any CPU = Release|Any CPU
	EndGlobalSection
	GlobalSection(ProjectConfigurationPlatforms) = postSolution
		{C77505C3-90E6-4A14-BBAF-4AD0239ADBC0}.Debug|Any CPU.ActiveCfg = Debug|Any CPU
		{C77505C3-90E6-4A14-BBAF-4AD0239ADBC0}.Debug|Any CPU.Build.0 = Debug|Any CPU
		{C77505C3-90E6-4A14-BBAF-4AD0239ADBC0}.Release|Any CPU.ActiveCfg = Release|Any CPU
		{C77505C3-90E6-4A14-BBAF-4AD0239ADBC0}.Release|Any CPU.Build.0 = Release|Any CPU
		{CCCDDD3D-B762-452E-8791-E3A9E3C97E36}.Debug|Any CPU.ActiveCfg = Debug|Any CPU
		{CCCDDD3D-B762-452E-8791-E3A9E3C97E36}.Debug|Any CPU.Build.0 = Debug|Any CPU
		{CCCDDD3D-B762-452E-8791-E3A9E3C97E36}.Release|Any CPU.ActiveCfg = Release|Any CPU
		{CCCDDD3D-B762-452E-8791-E3A9E3C97E36}.Release|Any CPU.Build.0 = Release|Any CPU
		{B35E5F54-FA19-4D13-B96F-C696873EB183}.Debug|Any CPU.ActiveCfg = Debug|Any CPU
		{B35E5F54-FA19-4D13-B96F-C696873EB183}.Debug|Any CPU.Build.0 = Debug|Any CPU
		{B35E5F54-FA19-4D13-B96F-C696873EB183}.Release|Any CPU.ActiveCfg = Release|Any CPU
		{B35E5F54-FA19-4D13-B96F-C696873EB183}.Release|Any CPU.Build.0 = Release|Any CPU
	EndGlobalSection
	GlobalSection(SolutionProperties) = preSolution
		HideSolutionNode = FALSE
	EndGlobalSection
	GlobalSection(ExtensibilityGlobals) = postSolution
		SolutionGuid = {E8011675-D857-4DD3-95D6-D6079D1A2628}
	EndGlobalSection
EndGlobal
