{
  "name": "typespect-node-examples",
  "requires": true,
  "lockfileVersion": 1,
  "dependencies": {
    "typespec-bdd": {
      "version": "2.0.1",
      "resolved": "https://registry.npmjs.org/typespec-bdd/-/typespec-bdd-2.0.1.tgz",
      "integrity": "sha1-d2ZYNa8ekqOmdIYyJRwIlFJYnWo=",
      "dev": true
    }
  }
}
